// !$*UTF8*$!
{
	archiveVersion = 1;
	classes = {
	};
	objectVersion = 46;
	objects = {

/* Begin PBXBuildFile section */
		CE9FF13418575AEB0043592B /* Foundation.framework in Frameworks */ = {isa = PBXBuildFile; fileRef = CE9FF13318575AEB0043592B /* Foundation.framework */; };
		CE9FF13618575AEB0043592B /* CoreGraphics.framework in Frameworks */ = {isa = PBXBuildFile; fileRef = CE9FF13518575AEB0043592B /* CoreGraphics.framework */; };
		CE9FF13818575AEB0043592B /* UIKit.framework in Frameworks */ = {isa = PBXBuildFile; fileRef = CE9FF13718575AEB0043592B /* UIKit.framework */; };
		CE9FF13E18575AEB0043592B /* InfoPlist.strings in Resources */ = {isa = PBXBuildFile; fileRef = CE9FF13C18575AEB0043592B /* InfoPlist.strings */; };
		CE9FF14018575AEB0043592B /* main.m in Sources */ = {isa = PBXBuildFile; fileRef = CE9FF13F18575AEB0043592B /* main.m */; };
		CE9FF14418575AEB0043592B /* AppDelegate.m in Sources */ = {isa = PBXBuildFile; fileRef = CE9FF14318575AEB0043592B /* AppDelegate.m */; };
		CE9FF14A18575AEB0043592B /* ViewController.m in Sources */ = {isa = PBXBuildFile; fileRef = CE9FF14918575AEB0043592B /* ViewController.m */; };
		CE9FF14C18575AEB0043592B /* Images.xcassets in Resources */ = {isa = PBXBuildFile; fileRef = CE9FF14B18575AEB0043592B /* Images.xcassets */; };
		CE9FF15318575AEB0043592B /* XCTest.framework in Frameworks */ = {isa = PBXBuildFile; fileRef = CE9FF15218575AEB0043592B /* XCTest.framework */; };
		CE9FF15418575AEB0043592B /* Foundation.framework in Frameworks */ = {isa = PBXBuildFile; fileRef = CE9FF13318575AEB0043592B /* Foundation.framework */; };
		CE9FF15518575AEB0043592B /* UIKit.framework in Frameworks */ = {isa = PBXBuildFile; fileRef = CE9FF13718575AEB0043592B /* UIKit.framework */; };
		CE9FF15D18575AEB0043592B /* InfoPlist.strings in Resources */ = {isa = PBXBuildFile; fileRef = CE9FF15B18575AEB0043592B /* InfoPlist.strings */; };
		CE9FF15F18575AEB0043592B /* GravatarImageDemoTests.m in Sources */ = {isa = PBXBuildFile; fileRef = CE9FF15E18575AEB0043592B /* GravatarImageDemoTests.m */; };
		CE9FF16D1857763F0043592B /* UIImageView+Gravatar.m in Sources */ = {isa = PBXBuildFile; fileRef = CE9FF16C1857763F0043592B /* UIImageView+Gravatar.m */; };
		F1F63D05FE6B4905A0C4205B /* libPods.a in Frameworks */ = {isa = PBXBuildFile; fileRef = A064302163AE4161A670DAB9 /* libPods.a */; };
/* End PBXBuildFile section */

/* Begin PBXContainerItemProxy section */
		CE9FF15618575AEB0043592B /* PBXContainerItemProxy */ = {
			isa = PBXContainerItemProxy;
			containerPortal = CE9FF12818575AEB0043592B /* Project object */;
			proxyType = 1;
			remoteGlobalIDString = CE9FF12F18575AEB0043592B;
			remoteInfo = GravatarImageDemo;
		};
/* End PBXContainerItemProxy section */

/* Begin PBXFileReference section */
		865707E9A492463FB16397F1 /* Pods.xcconfig */ = {isa = PBXFileReference; includeInIndex = 1; lastKnownFileType = text.xcconfig; name = Pods.xcconfig; path = Pods/Pods.xcconfig; sourceTree = "<group>"; };
		A064302163AE4161A670DAB9 /* libPods.a */ = {isa = PBXFileReference; explicitFileType = archive.ar; includeInIndex = 0; path = libPods.a; sourceTree = BUILT_PRODUCTS_DIR; };
		CE9FF13018575AEB0043592B /* GravatarImageDemo.app */ = {isa = PBXFileReference; explicitFileType = wrapper.application; includeInIndex = 0; path = GravatarImageDemo.app; sourceTree = BUILT_PRODUCTS_DIR; };
		CE9FF13318575AEB0043592B /* Foundation.framework */ = {isa = PBXFileReference; lastKnownFileType = wrapper.framework; name = Foundation.framework; path = System/Library/Frameworks/Foundation.framework; sourceTree = SDKROOT; };
		CE9FF13518575AEB0043592B /* CoreGraphics.framework */ = {isa = PBXFileReference; lastKnownFileType = wrapper.framework; name = CoreGraphics.framework; path = System/Library/Frameworks/CoreGraphics.framework; sourceTree = SDKROOT; };
		CE9FF13718575AEB0043592B /* UIKit.framework */ = {isa = PBXFileReference; lastKnownFileType = wrapper.framework; name = UIKit.framework; path = System/Library/Frameworks/UIKit.framework; sourceTree = SDKROOT; };
		CE9FF13B18575AEB0043592B /* GravatarImageDemo-Info.plist */ = {isa = PBXFileReference; lastKnownFileType = text.plist.xml; path = "GravatarImageDemo-Info.plist"; sourceTree = "<group>"; };
		CE9FF13D18575AEB0043592B /* en */ = {isa = PBXFileReference; lastKnownFileType = text.plist.strings; name = en; path = en.lproj/InfoPlist.strings; sourceTree = "<group>"; };
		CE9FF13F18575AEB0043592B /* main.m */ = {isa = PBXFileReference; lastKnownFileType = sourcecode.c.objc; path = main.m; sourceTree = "<group>"; };
		CE9FF14118575AEB0043592B /* GravatarImageDemo-Prefix.pch */ = {isa = PBXFileReference; lastKnownFileType = sourcecode.c.h; path = "GravatarImageDemo-Prefix.pch"; sourceTree = "<group>"; };
		CE9FF14218575AEB0043592B /* AppDelegate.h */ = {isa = PBXFileReference; lastKnownFileType = sourcecode.c.h; path = AppDelegate.h; sourceTree = "<group>"; };
		CE9FF14318575AEB0043592B /* AppDelegate.m */ = {isa = PBXFileReference; lastKnownFileType = sourcecode.c.objc; path = AppDelegate.m; sourceTree = "<group>"; };
		CE9FF14818575AEB0043592B /* ViewController.h */ = {isa = PBXFileReference; lastKnownFileType = sourcecode.c.h; path = ViewController.h; sourceTree = "<group>"; };
		CE9FF14918575AEB0043592B /* ViewController.m */ = {isa = PBXFileReference; lastKnownFileType = sourcecode.c.objc; path = ViewController.m; sourceTree = "<group>"; };
		CE9FF14B18575AEB0043592B /* Images.xcassets */ = {isa = PBXFileReference; lastKnownFileType = folder.assetcatalog; path = Images.xcassets; sourceTree = "<group>"; };
		CE9FF15118575AEB0043592B /* GravatarImageDemoTests.xctest */ = {isa = PBXFileReference; explicitFileType = wrapper.cfbundle; includeInIndex = 0; path = GravatarImageDemoTests.xctest; sourceTree = BUILT_PRODUCTS_DIR; };
		CE9FF15218575AEB0043592B /* XCTest.framework */ = {isa = PBXFileReference; lastKnownFileType = wrapper.framework; name = XCTest.framework; path = Library/Frameworks/XCTest.framework; sourceTree = DEVELOPER_DIR; };
		CE9FF15A18575AEB0043592B /* GravatarImageDemoTests-Info.plist */ = {isa = PBXFileReference; lastKnownFileType = text.plist.xml; path = "GravatarImageDemoTests-Info.plist"; sourceTree = "<group>"; };
		CE9FF15C18575AEB0043592B /* en */ = {isa = PBXFileReference; lastKnownFileType = text.plist.strings; name = en; path = en.lproj/InfoPlist.strings; sourceTree = "<group>"; };
		CE9FF15E18575AEB0043592B /* GravatarImageDemoTests.m */ = {isa = PBXFileReference; lastKnownFileType = sourcecode.c.objc; path = GravatarImageDemoTests.m; sourceTree = "<group>"; };
		CE9FF16B1857763F0043592B /* UIImageView+Gravatar.h */ = {isa = PBXFileReference; fileEncoding = 4; lastKnownFileType = sourcecode.c.h; name = "UIImageView+Gravatar.h"; path = "../../UIImageView+Gravatar/UIImageView+Gravatar.h"; sourceTree = "<group>"; };
		CE9FF16C1857763F0043592B /* UIImageView+Gravatar.m */ = {isa = PBXFileReference; fileEncoding = 4; lastKnownFileType = sourcecode.c.objc; name = "UIImageView+Gravatar.m"; path = "../../UIImageView+Gravatar/UIImageView+Gravatar.m"; sourceTree = "<group>"; };
/* End PBXFileReference section */

/* Begin PBXFrameworksBuildPhase section */
		CE9FF12D18575AEB0043592B /* Frameworks */ = {
			isa = PBXFrameworksBuildPhase;
			buildActionMask = 2147483647;
			files = (
				CE9FF13618575AEB0043592B /* CoreGraphics.framework in Frameworks */,
				CE9FF13818575AEB0043592B /* UIKit.framework in Frameworks */,
				CE9FF13418575AEB0043592B /* Foundation.framework in Frameworks */,
				F1F63D05FE6B4905A0C4205B /* libPods.a in Frameworks */,
			);
			runOnlyForDeploymentPostprocessing = 0;
		};
		CE9FF14E18575AEB0043592B /* Frameworks */ = {
			isa = PBXFrameworksBuildPhase;
			buildActionMask = 2147483647;
			files = (
				CE9FF15318575AEB0043592B /* XCTest.framework in Frameworks */,
				CE9FF15518575AEB0043592B /* UIKit.framework in Frameworks */,
				CE9FF15418575AEB0043592B /* Foundation.framework in Frameworks */,
			);
			runOnlyForDeploymentPostprocessing = 0;
		};
/* End PBXFrameworksBuildPhase section */

/* Begin PBXGroup section */
		CE9FF12718575AEB0043592B = {
			isa = PBXGroup;
			children = (
				CE9FF13918575AEB0043592B /* GravatarImageDemo */,
				CE9FF15818575AEB0043592B /* GravatarImageDemoTests */,
				CE9FF13218575AEB0043592B /* Frameworks */,
				CE9FF13118575AEB0043592B /* Products */,
				865707E9A492463FB16397F1 /* Pods.xcconfig */,
			);
			sourceTree = "<group>";
		};
		CE9FF13118575AEB0043592B /* Products */ = {
			isa = PBXGroup;
			children = (
				CE9FF13018575AEB0043592B /* GravatarImageDemo.app */,
				CE9FF15118575AEB0043592B /* GravatarImageDemoTests.xctest */,
			);
			name = Products;
			sourceTree = "<group>";
		};
		CE9FF13218575AEB0043592B /* Frameworks */ = {
			isa = PBXGroup;
			children = (
				CE9FF13318575AEB0043592B /* Foundation.framework */,
				CE9FF13518575AEB0043592B /* CoreGraphics.framework */,
				CE9FF13718575AEB0043592B /* UIKit.framework */,
				CE9FF15218575AEB0043592B /* XCTest.framework */,
				A064302163AE4161A670DAB9 /* libPods.a */,
			);
			name = Frameworks;
			sourceTree = "<group>";
		};
		CE9FF13918575AEB0043592B /* GravatarImageDemo */ = {
			isa = PBXGroup;
			children = (
				CE9FF14218575AEB0043592B /* AppDelegate.h */,
				CE9FF14318575AEB0043592B /* AppDelegate.m */,
				CE9FF14818575AEB0043592B /* ViewController.h */,
				CE9FF14918575AEB0043592B /* ViewController.m */,
				CE9FF1711857765B0043592B /* UIImageView+Gravatar */,
				CE9FF14B18575AEB0043592B /* Images.xcassets */,
				CE9FF13A18575AEB0043592B /* Supporting Files */,
			);
			path = GravatarImageDemo;
			sourceTree = "<group>";
		};
		CE9FF13A18575AEB0043592B /* Supporting Files */ = {
			isa = PBXGroup;
			children = (
				CE9FF13B18575AEB0043592B /* GravatarImageDemo-Info.plist */,
				CE9FF13C18575AEB0043592B /* InfoPlist.strings */,
				CE9FF13F18575AEB0043592B /* main.m */,
				CE9FF14118575AEB0043592B /* GravatarImageDemo-Prefix.pch */,
			);
			name = "Supporting Files";
			sourceTree = "<group>";
		};
		CE9FF15818575AEB0043592B /* GravatarImageDemoTests */ = {
			isa = PBXGroup;
			children = (
				CE9FF15E18575AEB0043592B /* GravatarImageDemoTests.m */,
				CE9FF15918575AEB0043592B /* Supporting Files */,
			);
			path = GravatarImageDemoTests;
			sourceTree = "<group>";
		};
		CE9FF15918575AEB0043592B /* Supporting Files */ = {
			isa = PBXGroup;
			children = (
				CE9FF15A18575AEB0043592B /* GravatarImageDemoTests-Info.plist */,
				CE9FF15B18575AEB0043592B /* InfoPlist.strings */,
			);
			name = "Supporting Files";
			sourceTree = "<group>";
		};
		CE9FF1711857765B0043592B /* UIImageView+Gravatar */ = {
			isa = PBXGroup;
			children = (
				CE9FF16B1857763F0043592B /* UIImageView+Gravatar.h */,
				CE9FF16C1857763F0043592B /* UIImageView+Gravatar.m */,
			);
			name = "UIImageView+Gravatar";
			sourceTree = "<group>";
		};
/* End PBXGroup section */

/* Begin PBXNativeTarget section */
		CE9FF12F18575AEB0043592B /* GravatarImageDemo */ = {
			isa = PBXNativeTarget;
			buildConfigurationList = CE9FF16218575AEB0043592B /* Build configuration list for PBXNativeTarget "GravatarImageDemo" */;
			buildPhases = (
				829BB0D9B8BF40E7B64E02AB /* Check Pods Manifest.lock */,
				CE9FF12C18575AEB0043592B /* Sources */,
				CE9FF12D18575AEB0043592B /* Frameworks */,
				CE9FF12E18575AEB0043592B /* Resources */,
				7258B25FEE094DB6B74DB098 /* Copy Pods Resources */,
			);
			buildRules = (
			);
			dependencies = (
			);
			name = GravatarImageDemo;
			productName = GravatarImageDemo;
			productReference = CE9FF13018575AEB0043592B /* GravatarImageDemo.app */;
			productType = "com.apple.product-type.application";
		};
		CE9FF15018575AEB0043592B /* GravatarImageDemoTests */ = {
			isa = PBXNativeTarget;
			buildConfigurationList = CE9FF16518575AEB0043592B /* Build configuration list for PBXNativeTarget "GravatarImageDemoTests" */;
			buildPhases = (
				CE9FF14D18575AEB0043592B /* Sources */,
				CE9FF14E18575AEB0043592B /* Frameworks */,
				CE9FF14F18575AEB0043592B /* Resources */,
			);
			buildRules = (
			);
			dependencies = (
				CE9FF15718575AEB0043592B /* PBXTargetDependency */,
			);
			name = GravatarImageDemoTests;
			productName = GravatarImageDemoTests;
			productReference = CE9FF15118575AEB0043592B /* GravatarImageDemoTests.xctest */;
			productType = "com.apple.product-type.bundle.unit-test";
		};
/* End PBXNativeTarget section */

/* Begin PBXProject section */
		CE9FF12818575AEB0043592B /* Project object */ = {
			isa = PBXProject;
			attributes = {
				LastUpgradeCheck = 0500;
				ORGANIZATIONNAME = "Rex Finn";
				TargetAttributes = {
					CE9FF15018575AEB0043592B = {
						TestTargetID = CE9FF12F18575AEB0043592B;
					};
				};
			};
			buildConfigurationList = CE9FF12B18575AEB0043592B /* Build configuration list for PBXProject "GravatarImageDemo" */;
			compatibilityVersion = "Xcode 3.2";
			developmentRegion = English;
			hasScannedForEncodings = 0;
			knownRegions = (
				en,
				Base,
			);
			mainGroup = CE9FF12718575AEB0043592B;
			productRefGroup = CE9FF13118575AEB0043592B /* Products */;
			projectDirPath = "";
			projectRoot = "";
			targets = (
				CE9FF12F18575AEB0043592B /* GravatarImageDemo */,
				CE9FF15018575AEB0043592B /* GravatarImageDemoTests */,
			);
		};
/* End PBXProject section */

/* Begin PBXResourcesBuildPhase section */
		CE9FF12E18575AEB0043592B /* Resources */ = {
			isa = PBXResourcesBuildPhase;
			buildActionMask = 2147483647;
			files = (
				CE9FF14C18575AEB0043592B /* Images.xcassets in Resources */,
				CE9FF13E18575AEB0043592B /* InfoPlist.strings in Resources */,
			);
			runOnlyForDeploymentPostprocessing = 0;
		};
		CE9FF14F18575AEB0043592B /* Resources */ = {
			isa = PBXResourcesBuildPhase;
			buildActionMask = 2147483647;
			files = (
				CE9FF15D18575AEB0043592B /* InfoPlist.strings in Resources */,
			);
			runOnlyForDeploymentPostprocessing = 0;
		};
/* End PBXResourcesBuildPhase section */

/* Begin PBXShellScriptBuildPhase section */
		7258B25FEE094DB6B74DB098 /* Copy Pods Resources */ = {
			isa = PBXShellScriptBuildPhase;
			buildActionMask = 2147483647;
			files = (
			);
			inputPaths = (
			);
			name = "Copy Pods Resources";
			outputPaths = (
			);
			runOnlyForDeploymentPostprocessing = 0;
			shellPath = /bin/sh;
			shellScript = "\"${SRCROOT}/Pods/Pods-resources.sh\"\n";
			showEnvVarsInLog = 0;
		};
		829BB0D9B8BF40E7B64E02AB /* Check Pods Manifest.lock */ = {
			isa = PBXShellScriptBuildPhase;
			buildActionMask = 2147483647;
			files = (
			);
			inputPaths = (
			);
			name = "Check Pods Manifest.lock";
			outputPaths = (
			);
			runOnlyForDeploymentPostprocessing = 0;
			shellPath = /bin/sh;
			shellScript = "diff \"${PODS_ROOT}/../Podfile.lock\" \"${PODS_ROOT}/Manifest.lock\" > /dev/null\nif [[ $? != 0 ]] ; then\n    cat << EOM\nerror: The sandbox is not in sync with the Podfile.lock. Run 'pod install' or update your CocoaPods installation.\nEOM\n    exit 1\nfi\n";
			showEnvVarsInLog = 0;
		};
/* End PBXShellScriptBuildPhase section */

/* Begin PBXSourcesBuildPhase section */
		CE9FF12C18575AEB0043592B /* Sources */ = {
			isa = PBXSourcesBuildPhase;
			buildActionMask = 2147483647;
			files = (
				CE9FF16D1857763F0043592B /* UIImageView+Gravatar.m in Sources */,
				CE9FF14A18575AEB0043592B /* ViewController.m in Sources */,
				CE9FF14418575AEB0043592B /* AppDelegate.m in Sources */,
				CE9FF14018575AEB0043592B /* main.m in Sources */,
			);
			runOnlyForDeploymentPostprocessing = 0;
		};
		CE9FF14D18575AEB0043592B /* Sources */ = {
			isa = PBXSourcesBuildPhase;
			buildActionMask = 2147483647;
			files = (
				CE9FF15F18575AEB0043592B /* GravatarImageDemoTests.m in Sources */,
			);
			runOnlyForDeploymentPostprocessing = 0;
		};
/* End PBXSourcesBuildPhase section */

/* Begin PBXTargetDependency section */
		CE9FF15718575AEB0043592B /* PBXTargetDependency */ = {
			isa = PBXTargetDependency;
			target = CE9FF12F18575AEB0043592B /* GravatarImageDemo */;
			targetProxy = CE9FF15618575AEB0043592B /* PBXContainerItemProxy */;
		};
/* End PBXTargetDependency section */

/* Begin PBXVariantGroup section */
		CE9FF13C18575AEB0043592B /* InfoPlist.strings */ = {
			isa = PBXVariantGroup;
			children = (
				CE9FF13D18575AEB0043592B /* en */,
			);
			name = InfoPlist.strings;
			sourceTree = "<group>";
		};
		CE9FF15B18575AEB0043592B /* InfoPlist.strings */ = {
			isa = PBXVariantGroup;
			children = (
				CE9FF15C18575AEB0043592B /* en */,
			);
			name = InfoPlist.strings;
			sourceTree = "<group>";
		};
/* End PBXVariantGroup section */

/* Begin XCBuildConfiguration section */
		CE9FF16018575AEB0043592B /* Debug */ = {
			isa = XCBuildConfiguration;
			buildSettings = {
				ALWAYS_SEARCH_USER_PATHS = NO;
				ARCHS = "$(ARCHS_STANDARD_INCLUDING_64_BIT)";
				CLANG_CXX_LANGUAGE_STANDARD = "gnu++0x";
				CLANG_CXX_LIBRARY = "libc++";
				CLANG_ENABLE_MODULES = YES;
				CLANG_ENABLE_OBJC_ARC = YES;
				CLANG_WARN_BOOL_CONVERSION = YES;
				CLANG_WARN_CONSTANT_CONVERSION = YES;
				CLANG_WARN_DIRECT_OBJC_ISA_USAGE = YES_ERROR;
				CLANG_WARN_EMPTY_BODY = YES;
				CLANG_WARN_ENUM_CONVERSION = YES;
				CLANG_WARN_INT_CONVERSION = YES;
				CLANG_WARN_OBJC_ROOT_CLASS = YES_ERROR;
				CLANG_WARN__DUPLICATE_METHOD_MATCH = YES;
				"CODE_SIGN_IDENTITY[sdk=iphoneos*]" = "iPhone Developer";
				COPY_PHASE_STRIP = NO;
				GCC_C_LANGUAGE_STANDARD = gnu99;
				GCC_DYNAMIC_NO_PIC = NO;
				GCC_OPTIMIZATION_LEVEL = 0;
				GCC_PREPROCESSOR_DEFINITIONS = (
					"DEBUG=1",
					"$(inherited)",
				);
				GCC_SYMBOLS_PRIVATE_EXTERN = NO;
				GCC_WARN_64_TO_32_BIT_CONVERSION = YES;
				GCC_WARN_ABOUT_RETURN_TYPE = YES_ERROR;
				GCC_WARN_UNDECLARED_SELECTOR = YES;
				GCC_WARN_UNINITIALIZED_AUTOS = YES;
				GCC_WARN_UNUSED_FUNCTION = YES;
				GCC_WARN_UNUSED_VARIABLE = YES;
				IPHONEOS_DEPLOYMENT_TARGET = 7.0;
				ONLY_ACTIVE_ARCH = YES;
				SDKROOT = iphoneos;
			};
			name = Debug;
		};
		CE9FF16118575AEB0043592B /* Release */ = {
			isa = XCBuildConfiguration;
			buildSettings = {
				ALWAYS_SEARCH_USER_PATHS = NO;
				ARCHS = "$(ARCHS_STANDARD_INCLUDING_64_BIT)";
				CLANG_CXX_LANGUAGE_STANDARD = "gnu++0x";
				CLANG_CXX_LIBRARY = "libc++";
				CLANG_ENABLE_MODULES = YES;
				CLANG_ENABLE_OBJC_ARC = YES;
				CLANG_WARN_BOOL_CONVERSION = YES;
				CLANG_WARN_CONSTANT_CONVERSION = YES;
				CLANG_WARN_DIRECT_OBJC_ISA_USAGE = YES_ERROR;
				CLANG_WARN_EMPTY_BODY = YES;
				CLANG_WARN_ENUM_CONVERSION = YES;
				CLANG_WARN_INT_CONVERSION = YES;
				CLANG_WARN_OBJC_ROOT_CLASS = YES_ERROR;
				CLANG_WARN__DUPLICATE_METHOD_MATCH = YES;
				"CODE_SIGN_IDENTITY[sdk=iphoneos*]" = "iPhone Developer";
				COPY_PHASE_STRIP = YES;
				ENABLE_NS_ASSERTIONS = NO;
				GCC_C_LANGUAGE_STANDARD = gnu99;
				GCC_WARN_64_TO_32_BIT_CONVERSION = YES;
				GCC_WARN_ABOUT_RETURN_TYPE = YES_ERROR;
				GCC_WARN_UNDECLARED_SELECTOR = YES;
				GCC_WARN_UNINITIALIZED_AUTOS = YES;
				GCC_WARN_UNUSED_FUNCTION = YES;
				GCC_WARN_UNUSED_VARIABLE = YES;
				IPHONEOS_DEPLOYMENT_TARGET = 7.0;
				SDKROOT = iphoneos;
				VALIDATE_PRODUCT = YES;
			};
			name = Release;
		};
		CE9FF16318575AEB0043592B /* Debug */ = {
			isa = XCBuildConfiguration;
			baseConfigurationReference = 865707E9A492463FB16397F1 /* Pods.xcconfig */;
			buildSettings = {
				ASSETCATALOG_COMPILER_APPICON_NAME = AppIcon;
				ASSETCATALOG_COMPILER_LAUNCHIMAGE_NAME = LaunchImage;
				GCC_PRECOMPILE_PREFIX_HEADER = YES;
				GCC_PREFIX_HEADER = "GravatarImageDemo/GravatarImageDemo-Prefix.pch";
				INFOPLIST_FILE = "GravatarImageDemo/GravatarImageDemo-Info.plist";
				PRODUCT_NAME = "$(TARGET_NAME)";
				WRAPPER_EXTENSION = app;
			};
			name = Debug;
		};
		CE9FF16418575AEB0043592B /* Release */ = {
			isa = XCBuildConfiguration;
			baseConfigurationReference = 865707E9A492463FB16397F1 /* Pods.xcconfig */;
			buildSettings = {
				ASSETCATALOG_COMPILER_APPICON_NAME = AppIcon;
				ASSETCATALOG_COMPILER_LAUNCHIMAGE_NAME = LaunchImage;
				GCC_PRECOMPILE_PREFIX_HEADER = YES;
				GCC_PREFIX_HEADER = "GravatarImageDemo/GravatarImageDemo-Prefix.pch";
				INFOPLIST_FILE = "GravatarImageDemo/GravatarImageDemo-Info.plist";
				PRODUCT_NAME = "$(TARGET_NAME)";
				WRAPPER_EXTENSION = app;
			};
			name = Release;
		};
		CE9FF16618575AEB0043592B /* Debug */ = {
			isa = XCBuildConfiguration;
			buildSettings = {
				ARCHS = "$(ARCHS_STANDARD_INCLUDING_64_BIT)";
				BUNDLE_LOADER = "$(BUILT_PRODUCTS_DIR)/GravatarImageDemo.app/GravatarImageDemo";
				FRAMEWORK_SEARCH_PATHS = (
					"$(SDKROOT)/Developer/Library/Frameworks",
					"$(inherited)",
					"$(DEVELOPER_FRAMEWORKS_DIR)",
				);
				GCC_PRECOMPILE_PREFIX_HEADER = YES;
				GCC_PREFIX_HEADER = "GravatarImageDemo/GravatarImageDemo-Prefix.pch";
				GCC_PREPROCESSOR_DEFINITIONS = (
					"DEBUG=1",
					"$(inherited)",
				);
				INFOPLIST_FILE = "GravatarImageDemoTests/GravatarImageDemoTests-Info.plist";
				PRODUCT_NAME = "$(TARGET_NAME)";
				TEST_HOST = "$(BUNDLE_LOADER)";
				WRAPPER_EXTENSION = xctest;
			};
			name = Debug;
		};
		CE9FF16718575AEB0043592B /* Release */ = {
			isa = XCBuildConfiguration;
			buildSettings = {
				ARCHS = "$(ARCHS_STANDARD_INCLUDING_64_BIT)";
				BUNDLE_LOADER = "$(BUILT_PRODUCTS_DIR)/GravatarImageDemo.app/GravatarImageDemo";
				FRAMEWORK_SEARCH_PATHS = (
					"$(SDKROOT)/Developer/Library/Frameworks",
					"$(inherited)",
					"$(DEVELOPER_FRAMEWORKS_DIR)",
				);
				GCC_PRECOMPILE_PREFIX_HEADER = YES;
				GCC_PREFIX_HEADER = "GravatarImageDemo/GravatarImageDemo-Prefix.pch";
				INFOPLIST_FILE = "GravatarImageDemoTests/GravatarImageDemoTests-Info.plist";
				PRODUCT_NAME = "$(TARGET_NAME)";
				TEST_HOST = "$(BUNDLE_LOADER)";
				WRAPPER_EXTENSION = xctest;
			};
			name = Release;
		};
/* End XCBuildConfiguration section */

/* Begin XCConfigurationList section */
		CE9FF12B18575AEB0043592B /* Build configuration list for PBXProject "GravatarImageDemo" */ = {
			isa = XCConfigurationList;
			buildConfigurations = (
				CE9FF16018575AEB0043592B /* Debug */,
				CE9FF16118575AEB0043592B /* Release */,
			);
			defaultConfigurationIsVisible = 0;
			defaultConfigurationName = Release;
		};
		CE9FF16218575AEB0043592B /* Build configuration list for PBXNativeTarget "GravatarImageDemo" */ = {
			isa = XCConfigurationList;
			buildConfigurations = (
				CE9FF16318575AEB0043592B /* Debug */,
				CE9FF16418575AEB0043592B /* Release */,
			);
			defaultConfigurationIsVisible = 0;
			defaultConfigurationName = Release;
		};
		CE9FF16518575AEB0043592B /* Build configuration list for PBXNativeTarget "GravatarImageDemoTests" */ = {
			isa = XCConfigurationList;
			buildConfigurations = (
				CE9FF16618575AEB0043592B /* Debug */,
				CE9FF16718575AEB0043592B /* Release */,
			);
			defaultConfigurationIsVisible = 0;
			defaultConfigurationName = Release;
		};
/* End XCConfigurationList section */
	};
	rootObject = CE9FF12818575AEB0043592B /* Project object */;
}
